
Microsoft Visual Studio Solution File, Format Version 12.00
# Visual Studio 14
VisualStudioVersion = 14.0.25420.1
MinimumVisualStudioVersion = 10.0.40219.1
Project("{FAE04EC0-301F-11D3-BF4B-00C04F79EFBC}") = "RecognitionDemo", "RecognitionDemo\RecognitionDemo.csproj", "{ABADA545-DF42-4702-93CF-E674273FB075}"
EndProject
Project("{FAE04EC0-301F-11D3-BF4B-00C04F79EFBC}") = "Trainer", "Trainer\Trainer.csproj", "{F2256CEC-506E-4C21-942F-589C4FDA10BF}"
EndProject
Global
	GlobalSection(SolutionConfigurationPlatforms) = preSolution
		Debug|Any CPU = Debug|Any CPU
		Debug|x64 = Debug|x64
		Release|Any CPU = Release|Any CPU
		Release|x64 = Release|x64
	EndGlobalSection
	GlobalSection(ProjectConfigurationPlatforms) = postSolution
		{ABADA545-DF42-4702-93CF-E674273FB075}.Debug|Any CPU.ActiveCfg = Debug|Any CPU
		{ABADA545-DF42-4702-93CF-E674273FB075}.Debug|Any CPU.Build.0 = Debug|Any CPU
		{ABADA545-DF42-4702-93CF-E674273FB075}.Debug|x64.ActiveCfg = Debug|x64
		{ABADA545-DF42-4702-93CF-E674273FB075}.Debug|x64.Build.0 = Debug|x64
		{ABADA545-DF42-4702-93CF-E674273FB075}.Release|Any CPU.ActiveCfg = Release|Any CPU
		{ABADA545-DF42-4702-93CF-E674273FB075}.Release|Any CPU.Build.0 = Release|Any CPU
		{ABADA545-DF42-4702-93CF-E674273FB075}.Release|x64.ActiveCfg = Release|x64
		{ABADA545-DF42-4702-93CF-E674273FB075}.Release|x64.Build.0 = Release|x64
		{F2256CEC-506E-4C21-942F-589C4FDA10BF}.Debug|Any CPU.ActiveCfg = Debug|Any CPU
		{F2256CEC-506E-4C21-942F-589C4FDA10BF}.Debug|Any CPU.Build.0 = Debug|Any CPU
		{F2256CEC-506E-4C21-942F-589C4FDA10BF}.Debug|x64.ActiveCfg = Debug|Any CPU
		{F2256CEC-506E-4C21-942F-589C4FDA10BF}.Debug|x64.Build.0 = Debug|Any CPU
		{F2256CEC-506E-4C21-942F-589C4FDA10BF}.Release|Any CPU.ActiveCfg = Release|Any CPU
		{F2256CEC-506E-4C21-942F-589C4FDA10BF}.Release|Any CPU.Build.0 = Release|Any CPU
		{F2256CEC-506E-4C21-942F-589C4FDA10BF}.Release|x64.ActiveCfg = Release|Any CPU
		{F2256CEC-506E-4C21-942F-589C4FDA10BF}.Release|x64.Build.0 = Release|Any CPU
	EndGlobalSection
	GlobalSection(SolutionProperties) = preSolution
		HideSolutionNode = FALSE
	EndGlobalSection
EndGlobal
